
Microsoft Visual Studio Solution File, Format Version 12.00
# Visual Studio Version 17
VisualStudioVersion = 17.14.36518.9 d17.14
MinimumVisualStudioVersion = 10.0.40219.1
Project("{8BC9CEB8-8B4A-11D0-8D11-00A0C91BC942}") = "AssemblyLecture-C", "AssemblyLecture-C\AssemblyLecture-C.vcxproj", "{81BF5D21-CF45-4508-9658-8EC08FC53118}"
EndProject
Global
	GlobalSection(SolutionConfigurationPlatforms) = preSolution
		Debug|x64 = Debug|x64
		Debug|x86 = Debug|x86
		Release|x64 = Release|x64
		Release|x86 = Release|x86
	EndGlobalSection
	GlobalSection(ProjectConfigurationPlatforms) = postSolution
		{81BF5D21-CF45-4508-9658-8EC08FC53118}.Debug|x64.ActiveCfg = Debug|x64
		{81BF5D21-CF45-4508-9658-8EC08FC53118}.Debug|x64.Build.0 = Debug|x64
		{81BF5D21-CF45-4508-9658-8EC08FC53118}.Debug|x86.ActiveCfg = Debug|Win32
		{81BF5D21-CF45-4508-9658-8EC08FC53118}.Debug|x86.Build.0 = Debug|Win32
		{81BF5D21-CF45-4508-9658-8EC08FC53118}.Release|x64.ActiveCfg = Release|x64
		{81BF5D21-CF45-4508-9658-8EC08FC53118}.Release|x64.Build.0 = Release|x64
		{81BF5D21-CF45-4508-9658-8EC08FC53118}.Release|x86.ActiveCfg = Release|Win32
		{81BF5D21-CF45-4508-9658-8EC08FC53118}.Release|x86.Build.0 = Release|Win32
	EndGlobalSection
	GlobalSection(SolutionProperties) = preSolution
		HideSolutionNode = FALSE
	EndGlobalSection
	GlobalSection(ExtensibilityGlobals) = postSolution
		SolutionGuid = {18F4105F-E9A9-42EE-AEB0-4D7D0A5CBCFB}
	EndGlobalSection
EndGlobal
